{
    "_meta": {
        "hash": {
            "sha256": "6a1124770f5612248c77399f8325804fb9dc7186d09476a868878e199061e2c1"
        },
        "pipfile-spec": 6,
        "requires": {
            "python_full_version": "3.9.13",
            "python_version": "3.9"
        },
        "sources": [
            {
                "name": "pip_conf_index_global",
                "url": "https://pypi.org/simple",
                "verify_ssl": true
            }
        ]
    },
    "default": {},
    "develop": {}
}
